# @generated by Move, please check-in and do not edit manually.

[move]
version = 2
manifest_digest = "6401C1A9A53C75980953B6316675BE9E4AF1AE0E62E422162A2D262864378829"
deps_digest = "F8BBB0CCB2491CA29A3DF03D6F92277A4F3574266507ACD77214D37ECA3F3082"
dependencies = [
  { name = "Sui" },
]

[[move.package]]
name = "MoveStdlib"
source = { git = "https://github.com/MystenLabs/sui.git", rev = "framework/testnet", subdir = "crates/sui-framework/packages/move-stdlib" }

[[move.package]]
name = "Sui"
source = { git = "https://github.com/MystenLabs/sui.git", rev = "framework/testnet", subdir = "crates/sui-framework/packages/sui-framework" }

dependencies = [
  { name = "MoveStdlib" },
]

[move.toolchain-version]
compiler-version = "1.31.1"
edition = "2024.beta"
flavor = "sui"

[env]

[env.devnet]
chain-id = "2c075563"
original-published-id = "0x7c2de785e21afc3c987460dcd944a4e5d58d302aefe992991597c7bd1b81a79b"
latest-published-id = "0x7c2de785e21afc3c987460dcd944a4e5d58d302aefe992991597c7bd1b81a79b"
published-version = "1"

[env.testnet]
chain-id = "4c78adac"
original-published-id = "0xe6ec46bacdf52039961a503a65c838987b54b0fe1b5d27b6bd9991c2e5df3fb7"
latest-published-id = "0xe6ec46bacdf52039961a503a65c838987b54b0fe1b5d27b6bd9991c2e5df3fb7"
published-version = "1"
