# @generated by Move, please check-in and do not edit manually.

[move]
version = 2
manifest_digest = "6401C1A9A53C75980953B6316675BE9E4AF1AE0E62E422162A2D262864378829"
deps_digest = "F8BBB0CCB2491CA29A3DF03D6F92277A4F3574266507ACD77214D37ECA3F3082"
dependencies = [
  { name = "Sui" },
]

[[move.package]]
name = "MoveStdlib"
source = { git = "https://github.com/MystenLabs/sui.git", rev = "framework/testnet", subdir = "crates/sui-framework/packages/move-stdlib" }

[[move.package]]
name = "Sui"
source = { git = "https://github.com/MystenLabs/sui.git", rev = "framework/testnet", subdir = "crates/sui-framework/packages/sui-framework" }

dependencies = [
  { name = "MoveStdlib" },
]

[move.toolchain-version]
compiler-version = "1.33.1"
edition = "2024.beta"
flavor = "sui"

[env]

[env.testnet]
chain-id = "4c78adac"
original-published-id = "0x633c45534c43bada0a1f1967953d28c87fd75b43b1ffccb1eeee68b4a2c7d013"
latest-published-id = "0x633c45534c43bada0a1f1967953d28c87fd75b43b1ffccb1eeee68b4a2c7d013"
published-version = "1"
